// !$*UTF8*$!
{
	archiveVersion = 1;
	classes = {
	};
	objectVersion = 50;
	objects = {

/* Begin PBXBuildFile section */
		191BEEE526689666001C00E8 /* AppDelegate.swift in Sources */ = {isa = PBXBuildFile; fileRef = 191BEEE426689666001C00E8 /* AppDelegate.swift */; };
		191BEEE726689666001C00E8 /* SceneDelegate.swift in Sources */ = {isa = PBXBuildFile; fileRef = 191BEEE626689666001C00E8 /* SceneDelegate.swift */; };
		191BEEE926689666001C00E8 /* TaskViewController.swift in Sources */ = {isa = PBXBuildFile; fileRef = 191BEEE826689666001C00E8 /* TaskViewController.swift */; };
		191BEEEC26689666001C00E8 /* Main.storyboard in Resources */ = {isa = PBXBuildFile; fileRef = 191BEEEA26689666001C00E8 /* Main.storyboard */; };
		191BEEEE26689667001C00E8 /* Assets.xcassets in Resources */ = {isa = PBXBuildFile; fileRef = 191BEEED26689667001C00E8 /* Assets.xcassets */; };
		191BEEF126689667001C00E8 /* LaunchScreen.storyboard in Resources */ = {isa = PBXBuildFile; fileRef = 191BEEEF26689667001C00E8 /* LaunchScreen.storyboard */; };
		191BEEF92668B998001C00E8 /* Task.swift in Sources */ = {isa = PBXBuildFile; fileRef = 191BEEF82668B998001C00E8 /* Task.swift */; };
		191BEEFD2668E4B7001C00E8 /* AddTaskController.swift in Sources */ = {isa = PBXBuildFile; fileRef = 191BEEFC2668E4B7001C00E8 /* AddTaskController.swift */; };
		512D6CF92670C366000B8886 /* DataModel.swift in Sources */ = {isa = PBXBuildFile; fileRef = 512D6CF82670C366000B8886 /* DataModel.swift */; };
		5142366E266FAD1900D75181 /* AddTaskGroupViewController.swift in Sources */ = {isa = PBXBuildFile; fileRef = 5142366D266FAD1900D75181 /* AddTaskGroupViewController.swift */; };
		5199913B266FC6FD0038CE45 /* TaskGroupViewController.swift in Sources */ = {isa = PBXBuildFile; fileRef = 5199913A266FC6FD0038CE45 /* TaskGroupViewController.swift */; };
		5199913D266FD34D0038CE45 /* TaskList.swift in Sources */ = {isa = PBXBuildFile; fileRef = 5199913C266FD34D0038CE45 /* TaskList.swift */; };
/* End PBXBuildFile section */

/* Begin PBXFileReference section */
		191BEEE126689666001C00E8 /* TaskReminder.app */ = {isa = PBXFileReference; explicitFileType = wrapper.application; includeInIndex = 0; path = TaskReminder.app; sourceTree = BUILT_PRODUCTS_DIR; };
		191BEEE426689666001C00E8 /* AppDelegate.swift */ = {isa = PBXFileReference; lastKnownFileType = sourcecode.swift; path = AppDelegate.swift; sourceTree = "<group>"; };
		191BEEE626689666001C00E8 /* SceneDelegate.swift */ = {isa = PBXFileReference; lastKnownFileType = sourcecode.swift; path = SceneDelegate.swift; sourceTree = "<group>"; };
		191BEEE826689666001C00E8 /* TaskViewController.swift */ = {isa = PBXFileReference; lastKnownFileType = sourcecode.swift; path = TaskViewController.swift; sourceTree = "<group>"; };
		191BEEEB26689666001C00E8 /* Base */ = {isa = PBXFileReference; lastKnownFileType = file.storyboard; name = Base; path = Base.lproj/Main.storyboard; sourceTree = "<group>"; };
		191BEEED26689667001C00E8 /* Assets.xcassets */ = {isa = PBXFileReference; lastKnownFileType = folder.assetcatalog; path = Assets.xcassets; sourceTree = "<group>"; };
		191BEEF026689667001C00E8 /* Base */ = {isa = PBXFileReference; lastKnownFileType = file.storyboard; name = Base; path = Base.lproj/LaunchScreen.storyboard; sourceTree = "<group>"; };
		191BEEF226689667001C00E8 /* Info.plist */ = {isa = PBXFileReference; lastKnownFileType = text.plist.xml; path = Info.plist; sourceTree = "<group>"; };
		191BEEF82668B998001C00E8 /* Task.swift */ = {isa = PBXFileReference; lastKnownFileType = sourcecode.swift; path = Task.swift; sourceTree = "<group>"; };
		191BEEFC2668E4B7001C00E8 /* AddTaskController.swift */ = {isa = PBXFileReference; lastKnownFileType = sourcecode.swift; path = AddTaskController.swift; sourceTree = "<group>"; };
		512D6CF82670C366000B8886 /* DataModel.swift */ = {isa = PBXFileReference; lastKnownFileType = sourcecode.swift; path = DataModel.swift; sourceTree = "<group>"; };
		5142366D266FAD1900D75181 /* AddTaskGroupViewController.swift */ = {isa = PBXFileReference; lastKnownFileType = sourcecode.swift; path = AddTaskGroupViewController.swift; sourceTree = "<group>"; };
		5199913A266FC6FD0038CE45 /* TaskGroupViewController.swift */ = {isa = PBXFileReference; lastKnownFileType = sourcecode.swift; path = TaskGroupViewController.swift; sourceTree = "<group>"; };
		5199913C266FD34D0038CE45 /* TaskList.swift */ = {isa = PBXFileReference; lastKnownFileType = sourcecode.swift; path = TaskList.swift; sourceTree = "<group>"; };
/* End PBXFileReference section */

/* Begin PBXFrameworksBuildPhase section */
		191BEEDE26689666001C00E8 /* Frameworks */ = {
			isa = PBXFrameworksBuildPhase;
			buildActionMask = 2147483647;
			files = (
			);
			runOnlyForDeploymentPostprocessing = 0;
		};
/* End PBXFrameworksBuildPhase section */

/* Begin PBXGroup section */
		191BEED826689666001C00E8 = {
			isa = PBXGroup;
			children = (
				191BEEE326689666001C00E8 /* TaskReminder */,
				191BEEE226689666001C00E8 /* Products */,
			);
			sourceTree = "<group>";
		};
		191BEEE226689666001C00E8 /* Products */ = {
			isa = PBXGroup;
			children = (
				191BEEE126689666001C00E8 /* TaskReminder.app */,
			);
			name = Products;
			sourceTree = "<group>";
		};
		191BEEE326689666001C00E8 /* TaskReminder */ = {
			isa = PBXGroup;
			children = (
				191BEEE426689666001C00E8 /* AppDelegate.swift */,
				191BEEE626689666001C00E8 /* SceneDelegate.swift */,
				191BEEFB2668CD22001C00E8 /* ViewControllers */,
				191BEEFA2668CD04001C00E8 /* Model */,
				191BEEEA26689666001C00E8 /* Main.storyboard */,
				191BEEED26689667001C00E8 /* Assets.xcassets */,
				191BEEEF26689667001C00E8 /* LaunchScreen.storyboard */,
				191BEEF226689667001C00E8 /* Info.plist */,
			);
			path = TaskReminder;
			sourceTree = "<group>";
		};
		191BEEFA2668CD04001C00E8 /* Model */ = {
			isa = PBXGroup;
			children = (
				191BEEF82668B998001C00E8 /* Task.swift */,
				5199913C266FD34D0038CE45 /* TaskList.swift */,
				512D6CF82670C366000B8886 /* DataModel.swift */,
			);
			path = Model;
			sourceTree = "<group>";
		};
		191BEEFB2668CD22001C00E8 /* ViewControllers */ = {
			isa = PBXGroup;
			children = (
				191BEEE826689666001C00E8 /* TaskViewController.swift */,
				191BEEFC2668E4B7001C00E8 /* AddTaskController.swift */,
				5142366D266FAD1900D75181 /* AddTaskGroupViewController.swift */,
				5199913A266FC6FD0038CE45 /* TaskGroupViewController.swift */,
			);
			path = ViewControllers;
			sourceTree = "<group>";
		};
/* End PBXGroup section */

/* Begin PBXNativeTarget section */
		191BEEE026689666001C00E8 /* TaskReminder */ = {
			isa = PBXNativeTarget;
			buildConfigurationList = 191BEEF526689667001C00E8 /* Build configuration list for PBXNativeTarget "TaskReminder" */;
			buildPhases = (
				191BEEDD26689666001C00E8 /* Sources */,
				191BEEDE26689666001C00E8 /* Frameworks */,
				191BEEDF26689666001C00E8 /* Resources */,
			);
			buildRules = (
			);
			dependencies = (
			);
			name = TaskReminder;
			productName = TaskReminder;
			productReference = 191BEEE126689666001C00E8 /* TaskReminder.app */;
			productType = "com.apple.product-type.application";
		};
/* End PBXNativeTarget section */

/* Begin PBXProject section */
		191BEED926689666001C00E8 /* Project object */ = {
			isa = PBXProject;
			attributes = {
				LastSwiftUpdateCheck = 1250;
				LastUpgradeCheck = 1250;
				TargetAttributes = {
					191BEEE026689666001C00E8 = {
						CreatedOnToolsVersion = 12.5;
					};
				};
			};
			buildConfigurationList = 191BEEDC26689666001C00E8 /* Build configuration list for PBXProject "TaskReminder" */;
			compatibilityVersion = "Xcode 9.3";
			developmentRegion = en;
			hasScannedForEncodings = 0;
			knownRegions = (
				en,
				Base,
			);
			mainGroup = 191BEED826689666001C00E8;
			productRefGroup = 191BEEE226689666001C00E8 /* Products */;
			projectDirPath = "";
			projectRoot = "";
			targets = (
				191BEEE026689666001C00E8 /* TaskReminder */,
			);
		};
/* End PBXProject section */

/* Begin PBXResourcesBuildPhase section */
		191BEEDF26689666001C00E8 /* Resources */ = {
			isa = PBXResourcesBuildPhase;
			buildActionMask = 2147483647;
			files = (
				191BEEF126689667001C00E8 /* LaunchScreen.storyboard in Resources */,
				191BEEEE26689667001C00E8 /* Assets.xcassets in Resources */,
				191BEEEC26689666001C00E8 /* Main.storyboard in Resources */,
			);
			runOnlyForDeploymentPostprocessing = 0;
		};
/* End PBXResourcesBuildPhase section */

/* Begin PBXSourcesBuildPhase section */
		191BEEDD26689666001C00E8 /* Sources */ = {
			isa = PBXSourcesBuildPhase;
			buildActionMask = 2147483647;
			files = (
				5199913D266FD34D0038CE45 /* TaskList.swift in Sources */,
				5142366E266FAD1900D75181 /* AddTaskGroupViewController.swift in Sources */,
				191BEEF92668B998001C00E8 /* Task.swift in Sources */,
				191BEEFD2668E4B7001C00E8 /* AddTaskController.swift in Sources */,
				191BEEE926689666001C00E8 /* TaskViewController.swift in Sources */,
				191BEEE526689666001C00E8 /* AppDelegate.swift in Sources */,
				5199913B266FC6FD0038CE45 /* TaskGroupViewController.swift in Sources */,
				191BEEE726689666001C00E8 /* SceneDelegate.swift in Sources */,
				512D6CF92670C366000B8886 /* DataModel.swift in Sources */,
			);
			runOnlyForDeploymentPostprocessing = 0;
		};
/* End PBXSourcesBuildPhase section */

/* Begin PBXVariantGroup section */
		191BEEEA26689666001C00E8 /* Main.storyboard */ = {
			isa = PBXVariantGroup;
			children = (
				191BEEEB26689666001C00E8 /* Base */,
			);
			name = Main.storyboard;
			sourceTree = "<group>";
		};
		191BEEEF26689667001C00E8 /* LaunchScreen.storyboard */ = {
			isa = PBXVariantGroup;
			children = (
				191BEEF026689667001C00E8 /* Base */,
			);
			name = LaunchScreen.storyboard;
			sourceTree = "<group>";
		};
/* End PBXVariantGroup section */

/* Begin XCBuildConfiguration section */
		191BEEF326689667001C00E8 /* Debug */ = {
			isa = XCBuildConfiguration;
			buildSettings = {
				ALWAYS_SEARCH_USER_PATHS = NO;
				CLANG_ANALYZER_NONNULL = YES;
				CLANG_ANALYZER_NUMBER_OBJECT_CONVERSION = YES_AGGRESSIVE;
				CLANG_CXX_LANGUAGE_STANDARD = "gnu++14";
				CLANG_CXX_LIBRARY = "libc++";
				CLANG_ENABLE_MODULES = YES;
				CLANG_ENABLE_OBJC_ARC = YES;
				CLANG_ENABLE_OBJC_WEAK = YES;
				CLANG_WARN_BLOCK_CAPTURE_AUTORELEASING = YES;
				CLANG_WARN_BOOL_CONVERSION = YES;
				CLANG_WARN_COMMA = YES;
				CLANG_WARN_CONSTANT_CONVERSION = YES;
				CLANG_WARN_DEPRECATED_OBJC_IMPLEMENTATIONS = YES;
				CLANG_WARN_DIRECT_OBJC_ISA_USAGE = YES_ERROR;
				CLANG_WARN_DOCUMENTATION_COMMENTS = YES;
				CLANG_WARN_EMPTY_BODY = YES;
				CLANG_WARN_ENUM_CONVERSION = YES;
				CLANG_WARN_INFINITE_RECURSION = YES;
				CLANG_WARN_INT_CONVERSION = YES;
				CLANG_WARN_NON_LITERAL_NULL_CONVERSION = YES;
				CLANG_WARN_OBJC_IMPLICIT_RETAIN_SELF = YES;
				CLANG_WARN_OBJC_LITERAL_CONVERSION = YES;
				CLANG_WARN_OBJC_ROOT_CLASS = YES_ERROR;
				CLANG_WARN_QUOTED_INCLUDE_IN_FRAMEWORK_HEADER = YES;
				CLANG_WARN_RANGE_LOOP_ANALYSIS = YES;
				CLANG_WARN_STRICT_PROTOTYPES = YES;
				CLANG_WARN_SUSPICIOUS_MOVE = YES;
				CLANG_WARN_UNGUARDED_AVAILABILITY = YES_AGGRESSIVE;
				CLANG_WARN_UNREACHABLE_CODE = YES;
				CLANG_WARN__DUPLICATE_METHOD_MATCH = YES;
				COPY_PHASE_STRIP = NO;
				DEBUG_INFORMATION_FORMAT = dwarf;
				ENABLE_STRICT_OBJC_MSGSEND = YES;
				ENABLE_TESTABILITY = YES;
				GCC_C_LANGUAGE_STANDARD = gnu11;
				GCC_DYNAMIC_NO_PIC = NO;
				GCC_NO_COMMON_BLOCKS = YES;
				GCC_OPTIMIZATION_LEVEL = 0;
				GCC_PREPROCESSOR_DEFINITIONS = (
					"DEBUG=1",
					"$(inherited)",
				);
				GCC_WARN_64_TO_32_BIT_CONVERSION = YES;
				GCC_WARN_ABOUT_RETURN_TYPE = YES_ERROR;
				GCC_WARN_UNDECLARED_SELECTOR = YES;
				GCC_WARN_UNINITIALIZED_AUTOS = YES_AGGRESSIVE;
				GCC_WARN_UNUSED_FUNCTION = YES;
				GCC_WARN_UNUSED_VARIABLE = YES;
				IPHONEOS_DEPLOYMENT_TARGET = 14.5;
				MTL_ENABLE_DEBUG_INFO = INCLUDE_SOURCE;
				MTL_FAST_MATH = YES;
				ONLY_ACTIVE_ARCH = YES;
				SDKROOT = iphoneos;
				SWIFT_ACTIVE_COMPILATION_CONDITIONS = DEBUG;
				SWIFT_OPTIMIZATION_LEVEL = "-Onone";
			};
			name = Debug;
		};
		191BEEF426689667001C00E8 /* Release */ = {
			isa = XCBuildConfiguration;
			buildSettings = {
				ALWAYS_SEARCH_USER_PATHS = NO;
				CLANG_ANALYZER_NONNULL = YES;
				CLANG_ANALYZER_NUMBER_OBJECT_CONVERSION = YES_AGGRESSIVE;
				CLANG_CXX_LANGUAGE_STANDARD = "gnu++14";
				CLANG_CXX_LIBRARY = "libc++";
				CLANG_ENABLE_MODULES = YES;
				CLANG_ENABLE_OBJC_ARC = YES;
				CLANG_ENABLE_OBJC_WEAK = YES;
				CLANG_WARN_BLOCK_CAPTURE_AUTORELEASING = YES;
				CLANG_WARN_BOOL_CONVERSION = YES;
				CLANG_WARN_COMMA = YES;
				CLANG_WARN_CONSTANT_CONVERSION = YES;
				CLANG_WARN_DEPRECATED_OBJC_IMPLEMENTATIONS = YES;
				CLANG_WARN_DIRECT_OBJC_ISA_USAGE = YES_ERROR;
				CLANG_WARN_DOCUMENTATION_COMMENTS = YES;
				CLANG_WARN_EMPTY_BODY = YES;
				CLANG_WARN_ENUM_CONVERSION = YES;
				CLANG_WARN_INFINITE_RECURSION = YES;
				CLANG_WARN_INT_CONVERSION = YES;
				CLANG_WARN_NON_LITERAL_NULL_CONVERSION = YES;
				CLANG_WARN_OBJC_IMPLICIT_RETAIN_SELF = YES;
				CLANG_WARN_OBJC_LITERAL_CONVERSION = YES;
				CLANG_WARN_OBJC_ROOT_CLASS = YES_ERROR;
				CLANG_WARN_QUOTED_INCLUDE_IN_FRAMEWORK_HEADER = YES;
				CLANG_WARN_RANGE_LOOP_ANALYSIS = YES;
				CLANG_WARN_STRICT_PROTOTYPES = YES;
				CLANG_WARN_SUSPICIOUS_MOVE = YES;
				CLANG_WARN_UNGUARDED_AVAILABILITY = YES_AGGRESSIVE;
				CLANG_WARN_UNREACHABLE_CODE = YES;
				CLANG_WARN__DUPLICATE_METHOD_MATCH = YES;
				COPY_PHASE_STRIP = NO;
				DEBUG_INFORMATION_FORMAT = "dwarf-with-dsym";
				ENABLE_NS_ASSERTIONS = NO;
				ENABLE_STRICT_OBJC_MSGSEND = YES;
				GCC_C_LANGUAGE_STANDARD = gnu11;
				GCC_NO_COMMON_BLOCKS = YES;
				GCC_WARN_64_TO_32_BIT_CONVERSION = YES;
				GCC_WARN_ABOUT_RETURN_TYPE = YES_ERROR;
				GCC_WARN_UNDECLARED_SELECTOR = YES;
				GCC_WARN_UNINITIALIZED_AUTOS = YES_AGGRESSIVE;
				GCC_WARN_UNUSED_FUNCTION = YES;
				GCC_WARN_UNUSED_VARIABLE = YES;
				IPHONEOS_DEPLOYMENT_TARGET = 14.5;
				MTL_ENABLE_DEBUG_INFO = NO;
				MTL_FAST_MATH = YES;
				SDKROOT = iphoneos;
				SWIFT_COMPILATION_MODE = wholemodule;
				SWIFT_OPTIMIZATION_LEVEL = "-O";
				VALIDATE_PRODUCT = YES;
			};
			name = Release;
		};
		191BEEF626689667001C00E8 /* Debug */ = {
			isa = XCBuildConfiguration;
			buildSettings = {
				ASSETCATALOG_COMPILER_APPICON_NAME = AppIcon;
				ASSETCATALOG_COMPILER_GLOBAL_ACCENT_COLOR_NAME = AccentColor;
				CODE_SIGN_STYLE = Automatic;
				INFOPLIST_FILE = TaskReminder/Info.plist;
				LD_RUNPATH_SEARCH_PATHS = (
					"$(inherited)",
					"@executable_path/Frameworks",
				);
				PRODUCT_BUNDLE_IDENTIFIER = com.mindtree.TaskReminder;
				PRODUCT_NAME = "$(TARGET_NAME)";
				SWIFT_VERSION = 5.0;
				TARGETED_DEVICE_FAMILY = 1;
			};
			name = Debug;
		};
		191BEEF726689667001C00E8 /* Release */ = {
			isa = XCBuildConfiguration;
			buildSettings = {
				ASSETCATALOG_COMPILER_APPICON_NAME = AppIcon;
				ASSETCATALOG_COMPILER_GLOBAL_ACCENT_COLOR_NAME = AccentColor;
				CODE_SIGN_STYLE = Automatic;
				INFOPLIST_FILE = TaskReminder/Info.plist;
				LD_RUNPATH_SEARCH_PATHS = (
					"$(inherited)",
					"@executable_path/Frameworks",
				);
				PRODUCT_BUNDLE_IDENTIFIER = com.mindtree.TaskReminder;
				PRODUCT_NAME = "$(TARGET_NAME)";
				SWIFT_VERSION = 5.0;
				TARGETED_DEVICE_FAMILY = 1;
			};
			name = Release;
		};
/* End XCBuildConfiguration section */

/* Begin XCConfigurationList section */
		191BEEDC26689666001C00E8 /* Build configuration list for PBXProject "TaskReminder" */ = {
			isa = XCConfigurationList;
			buildConfigurations = (
				191BEEF326689667001C00E8 /* Debug */,
				191BEEF426689667001C00E8 /* Release */,
			);
			defaultConfigurationIsVisible = 0;
			defaultConfigurationName = Release;
		};
		191BEEF526689667001C00E8 /* Build configuration list for PBXNativeTarget "TaskReminder" */ = {
			isa = XCConfigurationList;
			buildConfigurations = (
				191BEEF626689667001C00E8 /* Debug */,
				191BEEF726689667001C00E8 /* Release */,
			);
			defaultConfigurationIsVisible = 0;
			defaultConfigurationName = Release;
		};
/* End XCConfigurationList section */
	};
	rootObject = 191BEED926689666001C00E8 /* Project object */;
}
